{
  "name": "worm-whats-new",
  "version": "1.0.0",
  "lockfileVersion": 1,
  "requires": true,
  "dependencies": {
    "approximate-number": {
      "version": "2.0.0",
      "resolved": "https://registry.npmjs.org/approximate-number/-/approximate-number-2.0.0.tgz",
      "integrity": "sha1-Q8f7+7sAcKQSEx1lWB+GiyTR6yk="
    },
    "funstream": {
      "version": "2.2.0",
      "resolved": "https://registry.npmjs.org/funstream/-/funstream-2.2.0.tgz",
      "integrity": "sha512-L1iH55wr6RhclUiVz05nFNhuXLfHgTk13a6Keos0E1CFVPkjUgCE8LpHDn0MfVlG3faQAc2cBTuyLLmHXKqxlQ=="
    },
    "html-escape": {
      "version": "2.0.0",
      "resolved": "https://registry.npmjs.org/html-escape/-/html-escape-2.0.0.tgz",
      "integrity": "sha1-YMjd1GXt8MrgKvnpn99fiDsJvkk="
    },
    "json-stream": {
      "version": "1.0.0",
      "resolved": "https://registry.npmjs.org/json-stream/-/json-stream-1.0.0.tgz",
      "integrity": "sha1-GjhU4o0rvuqzHMfd9oPS3cVlJwg="
    },
    "minipass": {
      "version": "2.0.2",
      "resolved": "https://registry.npmjs.org/minipass/-/minipass-2.0.2.tgz",
      "integrity": "sha512-DtFmHGmqDzlw/iUypeGvwFSbP3n7R6S0wcJ1GiQkKxM1aQigmCUaQLOT2fGQGNwZCKdqxTtC2NN5FzEWFiz+KA==",
      "requires": {
        "yallist": "3.0.2"
      }
    },
    "moment": {
      "version": "2.18.1",
      "resolved": "https://registry.npmjs.org/moment/-/moment-2.18.1.tgz",
      "integrity": "sha1-w2GT3Tzhwu7SrbfIAtu8d6gbHA8="
    },
    "qw": {
      "version": "1.0.1",
      "resolved": "https://registry.npmjs.org/qw/-/qw-1.0.1.tgz",
      "integrity": "sha1-77/cdA+a0FQwRCassYNBLMi5ltQ="
    },
    "written-number": {
      "version": "0.6.2",
      "resolved": "https://registry.npmjs.org/written-number/-/written-number-0.6.2.tgz",
      "integrity": "sha1-IlLvLaWeSjsd60aqsGSHQ7Y7RYs="
    },
    "yallist": {
      "version": "3.0.2",
      "resolved": "https://registry.npmjs.org/yallist/-/yallist-3.0.2.tgz",
      "integrity": "sha1-hFK0u36Dx8GI2AQcGoN8dz1ti7k="
    }
  }
}
